// !$*UTF8*$!
{
	archiveVersion = 1;
	classes = {
	};
	objectVersion = 56;
	objects = {

/* Begin PBXBuildFile section */
		D9650EB7297DCDFD009EA1AC /* noelle in Frameworks */ = {isa = PBXBuildFile; productRef = D9650EB6297DCDFD009EA1AC /* noelle */; };
		D9650EB9297DCF21009EA1AC /* AppDelegate.swift in Sources */ = {isa = PBXBuildFile; fileRef = D9650EB8297DCF21009EA1AC /* AppDelegate.swift */; };
		D9650EBC297E6134009EA1AC /* SceneDelegate.swift in Sources */ = {isa = PBXBuildFile; fileRef = D9650EBB297E6134009EA1AC /* SceneDelegate.swift */; };
		D9C5D2FF297DB9860073AA92 /* App.swift in Sources */ = {isa = PBXBuildFile; fileRef = D9C5D2FE297DB9860073AA92 /* App.swift */; };
		D9C5D303297DB9870073AA92 /* Assets.xcassets in Resources */ = {isa = PBXBuildFile; fileRef = D9C5D302297DB9870073AA92 /* Assets.xcassets */; };
		D9C5D307297DB9870073AA92 /* Preview Assets.xcassets in Resources */ = {isa = PBXBuildFile; fileRef = D9C5D306297DB9870073AA92 /* Preview Assets.xcassets */; };
		D9C5D313297DBFEF0073AA92 /* MainCoordinator.swift in Sources */ = {isa = PBXBuildFile; fileRef = D9C5D312297DBFEF0073AA92 /* MainCoordinator.swift */; };
		D9C5D316297DC0BD0073AA92 /* MainFlow.swift in Sources */ = {isa = PBXBuildFile; fileRef = D9C5D315297DC0BD0073AA92 /* MainFlow.swift */; };
		D9C5D318297DC0C20073AA92 /* GameFlow.swift in Sources */ = {isa = PBXBuildFile; fileRef = D9C5D317297DC0C20073AA92 /* GameFlow.swift */; };
		D9C5D31B297DC6410073AA92 /* MainMenuView.swift in Sources */ = {isa = PBXBuildFile; fileRef = D9C5D31A297DC6410073AA92 /* MainMenuView.swift */; };
		D9C5D31E297DC64F0073AA92 /* MainMenuPersenter.swift in Sources */ = {isa = PBXBuildFile; fileRef = D9C5D31D297DC64F0073AA92 /* MainMenuPersenter.swift */; };
/* End PBXBuildFile section */

/* Begin PBXFileReference section */
		D9650EB8297DCF21009EA1AC /* AppDelegate.swift */ = {isa = PBXFileReference; lastKnownFileType = sourcecode.swift; path = AppDelegate.swift; sourceTree = "<group>"; };
		D9650EBA297E60A7009EA1AC /* Info.plist */ = {isa = PBXFileReference; lastKnownFileType = text.plist; path = Info.plist; sourceTree = "<group>"; };
		D9650EBB297E6134009EA1AC /* SceneDelegate.swift */ = {isa = PBXFileReference; lastKnownFileType = sourcecode.swift; path = SceneDelegate.swift; sourceTree = "<group>"; };
		D9C5D2FB297DB9860073AA92 /* noelle-test-proj.app */ = {isa = PBXFileReference; explicitFileType = wrapper.application; includeInIndex = 0; path = "noelle-test-proj.app"; sourceTree = BUILT_PRODUCTS_DIR; };
		D9C5D2FE297DB9860073AA92 /* App.swift */ = {isa = PBXFileReference; lastKnownFileType = sourcecode.swift; path = App.swift; sourceTree = "<group>"; };
		D9C5D302297DB9870073AA92 /* Assets.xcassets */ = {isa = PBXFileReference; lastKnownFileType = folder.assetcatalog; path = Assets.xcassets; sourceTree = "<group>"; };
		D9C5D304297DB9870073AA92 /* noelle_test_proj.entitlements */ = {isa = PBXFileReference; lastKnownFileType = text.plist.entitlements; path = noelle_test_proj.entitlements; sourceTree = "<group>"; };
		D9C5D306297DB9870073AA92 /* Preview Assets.xcassets */ = {isa = PBXFileReference; lastKnownFileType = folder.assetcatalog; path = "Preview Assets.xcassets"; sourceTree = "<group>"; };
		D9C5D312297DBFEF0073AA92 /* MainCoordinator.swift */ = {isa = PBXFileReference; lastKnownFileType = sourcecode.swift; path = MainCoordinator.swift; sourceTree = "<group>"; };
		D9C5D315297DC0BD0073AA92 /* MainFlow.swift */ = {isa = PBXFileReference; lastKnownFileType = sourcecode.swift; path = MainFlow.swift; sourceTree = "<group>"; };
		D9C5D317297DC0C20073AA92 /* GameFlow.swift */ = {isa = PBXFileReference; lastKnownFileType = sourcecode.swift; path = GameFlow.swift; sourceTree = "<group>"; };
		D9C5D31A297DC6410073AA92 /* MainMenuView.swift */ = {isa = PBXFileReference; lastKnownFileType = sourcecode.swift; path = MainMenuView.swift; sourceTree = "<group>"; };
		D9C5D31D297DC64F0073AA92 /* MainMenuPersenter.swift */ = {isa = PBXFileReference; lastKnownFileType = sourcecode.swift; path = MainMenuPersenter.swift; sourceTree = "<group>"; };
		D9F7FFFE2982F18000911F4C /* noelle */ = {isa = PBXFileReference; lastKnownFileType = wrapper; name = noelle; path = ..; sourceTree = "<group>"; };
/* End PBXFileReference section */

/* Begin PBXFrameworksBuildPhase section */
		D9C5D2F8297DB9860073AA92 /* Frameworks */ = {
			isa = PBXFrameworksBuildPhase;
			buildActionMask = 2147483647;
			files = (
				D9650EB7297DCDFD009EA1AC /* noelle in Frameworks */,
			);
			runOnlyForDeploymentPostprocessing = 0;
		};
/* End PBXFrameworksBuildPhase section */

/* Begin PBXGroup section */
		D9650EB5297DCDFD009EA1AC /* Frameworks */ = {
			isa = PBXGroup;
			children = (
			);
			name = Frameworks;
			sourceTree = "<group>";
		};
		D9C5D2F2297DB9860073AA92 = {
			isa = PBXGroup;
			children = (
				D9F7FFFD2982F18000911F4C /* Packages */,
				D9C5D2FD297DB9860073AA92 /* noelle-test-proj */,
				D9C5D2FC297DB9860073AA92 /* Products */,
				D9650EB5297DCDFD009EA1AC /* Frameworks */,
			);
			sourceTree = "<group>";
		};
		D9C5D2FC297DB9860073AA92 /* Products */ = {
			isa = PBXGroup;
			children = (
				D9C5D2FB297DB9860073AA92 /* noelle-test-proj.app */,
			);
			name = Products;
			sourceTree = "<group>";
		};
		D9C5D2FD297DB9860073AA92 /* noelle-test-proj */ = {
			isa = PBXGroup;
			children = (
				D9650EBA297E60A7009EA1AC /* Info.plist */,
				D9C5D319297DC6310073AA92 /* Views */,
				D9C5D311297DBFE80073AA92 /* Navigation */,
				D9C5D2FE297DB9860073AA92 /* App.swift */,
				D9650EB8297DCF21009EA1AC /* AppDelegate.swift */,
				D9650EBB297E6134009EA1AC /* SceneDelegate.swift */,
				D9C5D302297DB9870073AA92 /* Assets.xcassets */,
				D9C5D304297DB9870073AA92 /* noelle_test_proj.entitlements */,
				D9C5D305297DB9870073AA92 /* Preview Content */,
			);
			path = "noelle-test-proj";
			sourceTree = "<group>";
		};
		D9C5D305297DB9870073AA92 /* Preview Content */ = {
			isa = PBXGroup;
			children = (
				D9C5D306297DB9870073AA92 /* Preview Assets.xcassets */,
			);
			path = "Preview Content";
			sourceTree = "<group>";
		};
		D9C5D311297DBFE80073AA92 /* Navigation */ = {
			isa = PBXGroup;
			children = (
				D9C5D314297DC0B20073AA92 /* Flows */,
				D9C5D312297DBFEF0073AA92 /* MainCoordinator.swift */,
			);
			path = Navigation;
			sourceTree = "<group>";
		};
		D9C5D314297DC0B20073AA92 /* Flows */ = {
			isa = PBXGroup;
			children = (
				D9C5D315297DC0BD0073AA92 /* MainFlow.swift */,
				D9C5D317297DC0C20073AA92 /* GameFlow.swift */,
			);
			path = Flows;
			sourceTree = "<group>";
		};
		D9C5D319297DC6310073AA92 /* Views */ = {
			isa = PBXGroup;
			children = (
				D9C5D31C297DC6470073AA92 /* MainMenu */,
			);
			path = Views;
			sourceTree = "<group>";
		};
		D9C5D31C297DC6470073AA92 /* MainMenu */ = {
			isa = PBXGroup;
			children = (
				D9C5D31A297DC6410073AA92 /* MainMenuView.swift */,
				D9C5D31D297DC64F0073AA92 /* MainMenuPersenter.swift */,
			);
			path = MainMenu;
			sourceTree = "<group>";
		};
		D9F7FFFD2982F18000911F4C /* Packages */ = {
			isa = PBXGroup;
			children = (
				D9F7FFFE2982F18000911F4C /* noelle */,
			);
			name = Packages;
			sourceTree = "<group>";
		};
/* End PBXGroup section */

/* Begin PBXNativeTarget section */
		D9C5D2FA297DB9860073AA92 /* noelle-test-proj */ = {
			isa = PBXNativeTarget;
			buildConfigurationList = D9C5D30A297DB9870073AA92 /* Build configuration list for PBXNativeTarget "noelle-test-proj" */;
			buildPhases = (
				D9C5D2F7297DB9860073AA92 /* Sources */,
				D9C5D2F8297DB9860073AA92 /* Frameworks */,
				D9C5D2F9297DB9860073AA92 /* Resources */,
			);
			buildRules = (
			);
			dependencies = (
				D9F700002982F18E00911F4C /* PBXTargetDependency */,
			);
			name = "noelle-test-proj";
			packageProductDependencies = (
				D9650EB6297DCDFD009EA1AC /* noelle */,
			);
			productName = "noelle-test-proj";
			productReference = D9C5D2FB297DB9860073AA92 /* noelle-test-proj.app */;
			productType = "com.apple.product-type.application";
		};
/* End PBXNativeTarget section */

/* Begin PBXProject section */
		D9C5D2F3297DB9860073AA92 /* Project object */ = {
			isa = PBXProject;
			attributes = {
				BuildIndependentTargetsInParallel = 1;
				LastSwiftUpdateCheck = 1410;
				LastUpgradeCheck = 1410;
				TargetAttributes = {
					D9C5D2FA297DB9860073AA92 = {
						CreatedOnToolsVersion = 14.1;
					};
				};
			};
			buildConfigurationList = D9C5D2F6297DB9860073AA92 /* Build configuration list for PBXProject "noelle-test-proj" */;
			compatibilityVersion = "Xcode 14.0";
			developmentRegion = en;
			hasScannedForEncodings = 0;
			knownRegions = (
				en,
				Base,
			);
			mainGroup = D9C5D2F2297DB9860073AA92;
			productRefGroup = D9C5D2FC297DB9860073AA92 /* Products */;
			projectDirPath = "";
			projectRoot = "";
			targets = (
				D9C5D2FA297DB9860073AA92 /* noelle-test-proj */,
			);
		};
/* End PBXProject section */

/* Begin PBXResourcesBuildPhase section */
		D9C5D2F9297DB9860073AA92 /* Resources */ = {
			isa = PBXResourcesBuildPhase;
			buildActionMask = 2147483647;
			files = (
				D9C5D307297DB9870073AA92 /* Preview Assets.xcassets in Resources */,
				D9C5D303297DB9870073AA92 /* Assets.xcassets in Resources */,
			);
			runOnlyForDeploymentPostprocessing = 0;
		};
/* End PBXResourcesBuildPhase section */

/* Begin PBXSourcesBuildPhase section */
		D9C5D2F7297DB9860073AA92 /* Sources */ = {
			isa = PBXSourcesBuildPhase;
			buildActionMask = 2147483647;
			files = (
				D9C5D31B297DC6410073AA92 /* MainMenuView.swift in Sources */,
				D9C5D31E297DC64F0073AA92 /* MainMenuPersenter.swift in Sources */,
				D9C5D313297DBFEF0073AA92 /* MainCoordinator.swift in Sources */,
				D9C5D316297DC0BD0073AA92 /* MainFlow.swift in Sources */,
				D9650EB9297DCF21009EA1AC /* AppDelegate.swift in Sources */,
				D9C5D318297DC0C20073AA92 /* GameFlow.swift in Sources */,
				D9C5D2FF297DB9860073AA92 /* App.swift in Sources */,
				D9650EBC297E6134009EA1AC /* SceneDelegate.swift in Sources */,
			);
			runOnlyForDeploymentPostprocessing = 0;
		};
/* End PBXSourcesBuildPhase section */

/* Begin PBXTargetDependency section */
		D9F700002982F18E00911F4C /* PBXTargetDependency */ = {
			isa = PBXTargetDependency;
			productRef = D9F7FFFF2982F18E00911F4C /* noelle */;
		};
/* End PBXTargetDependency section */

/* Begin XCBuildConfiguration section */
		D9C5D308297DB9870073AA92 /* Debug */ = {
			isa = XCBuildConfiguration;
			buildSettings = {
				ALWAYS_SEARCH_USER_PATHS = NO;
				CLANG_ANALYZER_NONNULL = YES;
				CLANG_ANALYZER_NUMBER_OBJECT_CONVERSION = YES_AGGRESSIVE;
				CLANG_CXX_LANGUAGE_STANDARD = "gnu++20";
				CLANG_ENABLE_MODULES = YES;
				CLANG_ENABLE_OBJC_ARC = YES;
				CLANG_ENABLE_OBJC_WEAK = YES;
				CLANG_WARN_BLOCK_CAPTURE_AUTORELEASING = YES;
				CLANG_WARN_BOOL_CONVERSION = YES;
				CLANG_WARN_COMMA = YES;
				CLANG_WARN_CONSTANT_CONVERSION = YES;
				CLANG_WARN_DEPRECATED_OBJC_IMPLEMENTATIONS = YES;
				CLANG_WARN_DIRECT_OBJC_ISA_USAGE = YES_ERROR;
				CLANG_WARN_DOCUMENTATION_COMMENTS = YES;
				CLANG_WARN_EMPTY_BODY = YES;
				CLANG_WARN_ENUM_CONVERSION = YES;
				CLANG_WARN_INFINITE_RECURSION = YES;
				CLANG_WARN_INT_CONVERSION = YES;
				CLANG_WARN_NON_LITERAL_NULL_CONVERSION = YES;
				CLANG_WARN_OBJC_IMPLICIT_RETAIN_SELF = YES;
				CLANG_WARN_OBJC_LITERAL_CONVERSION = YES;
				CLANG_WARN_OBJC_ROOT_CLASS = YES_ERROR;
				CLANG_WARN_QUOTED_INCLUDE_IN_FRAMEWORK_HEADER = YES;
				CLANG_WARN_RANGE_LOOP_ANALYSIS = YES;
				CLANG_WARN_STRICT_PROTOTYPES = YES;
				CLANG_WARN_SUSPICIOUS_MOVE = YES;
				CLANG_WARN_UNGUARDED_AVAILABILITY = YES_AGGRESSIVE;
				CLANG_WARN_UNREACHABLE_CODE = YES;
				CLANG_WARN__DUPLICATE_METHOD_MATCH = YES;
				COPY_PHASE_STRIP = NO;
				DEBUG_INFORMATION_FORMAT = dwarf;
				ENABLE_STRICT_OBJC_MSGSEND = YES;
				ENABLE_TESTABILITY = YES;
				GCC_C_LANGUAGE_STANDARD = gnu11;
				GCC_DYNAMIC_NO_PIC = NO;
				GCC_NO_COMMON_BLOCKS = YES;
				GCC_OPTIMIZATION_LEVEL = 0;
				GCC_PREPROCESSOR_DEFINITIONS = (
					"DEBUG=1",
					"$(inherited)",
				);
				GCC_WARN_64_TO_32_BIT_CONVERSION = YES;
				GCC_WARN_ABOUT_RETURN_TYPE = YES_ERROR;
				GCC_WARN_UNDECLARED_SELECTOR = YES;
				GCC_WARN_UNINITIALIZED_AUTOS = YES_AGGRESSIVE;
				GCC_WARN_UNUSED_FUNCTION = YES;
				GCC_WARN_UNUSED_VARIABLE = YES;
				MTL_ENABLE_DEBUG_INFO = INCLUDE_SOURCE;
				MTL_FAST_MATH = YES;
				ONLY_ACTIVE_ARCH = YES;
				SWIFT_ACTIVE_COMPILATION_CONDITIONS = DEBUG;
				SWIFT_OPTIMIZATION_LEVEL = "-Onone";
			};
			name = Debug;
		};
		D9C5D309297DB9870073AA92 /* Release */ = {
			isa = XCBuildConfiguration;
			buildSettings = {
				ALWAYS_SEARCH_USER_PATHS = NO;
				CLANG_ANALYZER_NONNULL = YES;
				CLANG_ANALYZER_NUMBER_OBJECT_CONVERSION = YES_AGGRESSIVE;
				CLANG_CXX_LANGUAGE_STANDARD = "gnu++20";
				CLANG_ENABLE_MODULES = YES;
				CLANG_ENABLE_OBJC_ARC = YES;
				CLANG_ENABLE_OBJC_WEAK = YES;
				CLANG_WARN_BLOCK_CAPTURE_AUTORELEASING = YES;
				CLANG_WARN_BOOL_CONVERSION = YES;
				CLANG_WARN_COMMA = YES;
				CLANG_WARN_CONSTANT_CONVERSION = YES;
				CLANG_WARN_DEPRECATED_OBJC_IMPLEMENTATIONS = YES;
				CLANG_WARN_DIRECT_OBJC_ISA_USAGE = YES_ERROR;
				CLANG_WARN_DOCUMENTATION_COMMENTS = YES;
				CLANG_WARN_EMPTY_BODY = YES;
				CLANG_WARN_ENUM_CONVERSION = YES;
				CLANG_WARN_INFINITE_RECURSION = YES;
				CLANG_WARN_INT_CONVERSION = YES;
				CLANG_WARN_NON_LITERAL_NULL_CONVERSION = YES;
				CLANG_WARN_OBJC_IMPLICIT_RETAIN_SELF = YES;
				CLANG_WARN_OBJC_LITERAL_CONVERSION = YES;
				CLANG_WARN_OBJC_ROOT_CLASS = YES_ERROR;
				CLANG_WARN_QUOTED_INCLUDE_IN_FRAMEWORK_HEADER = YES;
				CLANG_WARN_RANGE_LOOP_ANALYSIS = YES;
				CLANG_WARN_STRICT_PROTOTYPES = YES;
				CLANG_WARN_SUSPICIOUS_MOVE = YES;
				CLANG_WARN_UNGUARDED_AVAILABILITY = YES_AGGRESSIVE;
				CLANG_WARN_UNREACHABLE_CODE = YES;
				CLANG_WARN__DUPLICATE_METHOD_MATCH = YES;
				COPY_PHASE_STRIP = NO;
				DEBUG_INFORMATION_FORMAT = "dwarf-with-dsym";
				ENABLE_NS_ASSERTIONS = NO;
				ENABLE_STRICT_OBJC_MSGSEND = YES;
				GCC_C_LANGUAGE_STANDARD = gnu11;
				GCC_NO_COMMON_BLOCKS = YES;
				GCC_WARN_64_TO_32_BIT_CONVERSION = YES;
				GCC_WARN_ABOUT_RETURN_TYPE = YES_ERROR;
				GCC_WARN_UNDECLARED_SELECTOR = YES;
				GCC_WARN_UNINITIALIZED_AUTOS = YES_AGGRESSIVE;
				GCC_WARN_UNUSED_FUNCTION = YES;
				GCC_WARN_UNUSED_VARIABLE = YES;
				MTL_ENABLE_DEBUG_INFO = NO;
				MTL_FAST_MATH = YES;
				SWIFT_COMPILATION_MODE = wholemodule;
				SWIFT_OPTIMIZATION_LEVEL = "-O";
			};
			name = Release;
		};
		D9C5D30B297DB9870073AA92 /* Debug */ = {
			isa = XCBuildConfiguration;
			buildSettings = {
				ASSETCATALOG_COMPILER_APPICON_NAME = AppIcon;
				ASSETCATALOG_COMPILER_GLOBAL_ACCENT_COLOR_NAME = AccentColor;
				CODE_SIGN_ENTITLEMENTS = "noelle-test-proj/noelle_test_proj.entitlements";
				CODE_SIGN_STYLE = Automatic;
				CURRENT_PROJECT_VERSION = 1;
				DEVELOPMENT_ASSET_PATHS = "\"noelle-test-proj/Preview Content\"";
				DEVELOPMENT_TEAM = VUU8K3C66R;
				ENABLE_HARDENED_RUNTIME = YES;
				ENABLE_PREVIEWS = YES;
				GENERATE_INFOPLIST_FILE = YES;
				INFOPLIST_FILE = "noelle-test-proj/Info.plist";
				"INFOPLIST_KEY_UIApplicationSceneManifest_Generation[sdk=iphoneos*]" = YES;
				"INFOPLIST_KEY_UIApplicationSceneManifest_Generation[sdk=iphonesimulator*]" = YES;
				"INFOPLIST_KEY_UIApplicationSupportsIndirectInputEvents[sdk=iphoneos*]" = YES;
				"INFOPLIST_KEY_UIApplicationSupportsIndirectInputEvents[sdk=iphonesimulator*]" = YES;
				"INFOPLIST_KEY_UILaunchScreen_Generation[sdk=iphoneos*]" = YES;
				"INFOPLIST_KEY_UILaunchScreen_Generation[sdk=iphonesimulator*]" = YES;
				"INFOPLIST_KEY_UIStatusBarStyle[sdk=iphoneos*]" = UIStatusBarStyleDefault;
				"INFOPLIST_KEY_UIStatusBarStyle[sdk=iphonesimulator*]" = UIStatusBarStyleDefault;
				INFOPLIST_KEY_UISupportedInterfaceOrientations_iPad = "UIInterfaceOrientationPortrait UIInterfaceOrientationPortraitUpsideDown UIInterfaceOrientationLandscapeLeft UIInterfaceOrientationLandscapeRight";
				INFOPLIST_KEY_UISupportedInterfaceOrientations_iPhone = "UIInterfaceOrientationPortrait UIInterfaceOrientationLandscapeLeft UIInterfaceOrientationLandscapeRight";
				IPHONEOS_DEPLOYMENT_TARGET = 14;
				LD_RUNPATH_SEARCH_PATHS = "@executable_path/Frameworks";
				"LD_RUNPATH_SEARCH_PATHS[sdk=macosx*]" = "@executable_path/../Frameworks";
				MACOSX_DEPLOYMENT_TARGET = 13.0;
				MARKETING_VERSION = 1.0;
				PRODUCT_BUNDLE_IDENTIFIER = "castlele-cs.noelle-test-proj";
				PRODUCT_NAME = "$(TARGET_NAME)";
				SDKROOT = auto;
				SUPPORTED_PLATFORMS = "iphoneos iphonesimulator macosx";
				SWIFT_EMIT_LOC_STRINGS = YES;
				SWIFT_VERSION = 5.0;
				TARGETED_DEVICE_FAMILY = "1,2";
			};
			name = Debug;
		};
		D9C5D30C297DB9870073AA92 /* Release */ = {
			isa = XCBuildConfiguration;
			buildSettings = {
				ASSETCATALOG_COMPILER_APPICON_NAME = AppIcon;
				ASSETCATALOG_COMPILER_GLOBAL_ACCENT_COLOR_NAME = AccentColor;
				CODE_SIGN_ENTITLEMENTS = "noelle-test-proj/noelle_test_proj.entitlements";
				CODE_SIGN_STYLE = Automatic;
				CURRENT_PROJECT_VERSION = 1;
				DEVELOPMENT_ASSET_PATHS = "\"noelle-test-proj/Preview Content\"";
				DEVELOPMENT_TEAM = VUU8K3C66R;
				ENABLE_HARDENED_RUNTIME = YES;
				ENABLE_PREVIEWS = YES;
				GENERATE_INFOPLIST_FILE = YES;
				INFOPLIST_FILE = "noelle-test-proj/Info.plist";
				"INFOPLIST_KEY_UIApplicationSceneManifest_Generation[sdk=iphoneos*]" = YES;
				"INFOPLIST_KEY_UIApplicationSceneManifest_Generation[sdk=iphonesimulator*]" = YES;
				"INFOPLIST_KEY_UIApplicationSupportsIndirectInputEvents[sdk=iphoneos*]" = YES;
				"INFOPLIST_KEY_UIApplicationSupportsIndirectInputEvents[sdk=iphonesimulator*]" = YES;
				"INFOPLIST_KEY_UILaunchScreen_Generation[sdk=iphoneos*]" = YES;
				"INFOPLIST_KEY_UILaunchScreen_Generation[sdk=iphonesimulator*]" = YES;
				"INFOPLIST_KEY_UIStatusBarStyle[sdk=iphoneos*]" = UIStatusBarStyleDefault;
				"INFOPLIST_KEY_UIStatusBarStyle[sdk=iphonesimulator*]" = UIStatusBarStyleDefault;
				INFOPLIST_KEY_UISupportedInterfaceOrientations_iPad = "UIInterfaceOrientationPortrait UIInterfaceOrientationPortraitUpsideDown UIInterfaceOrientationLandscapeLeft UIInterfaceOrientationLandscapeRight";
				INFOPLIST_KEY_UISupportedInterfaceOrientations_iPhone = "UIInterfaceOrientationPortrait UIInterfaceOrientationLandscapeLeft UIInterfaceOrientationLandscapeRight";
				IPHONEOS_DEPLOYMENT_TARGET = 14;
				LD_RUNPATH_SEARCH_PATHS = "@executable_path/Frameworks";
				"LD_RUNPATH_SEARCH_PATHS[sdk=macosx*]" = "@executable_path/../Frameworks";
				MACOSX_DEPLOYMENT_TARGET = 13.0;
				MARKETING_VERSION = 1.0;
				PRODUCT_BUNDLE_IDENTIFIER = "castlele-cs.noelle-test-proj";
				PRODUCT_NAME = "$(TARGET_NAME)";
				SDKROOT = auto;
				SUPPORTED_PLATFORMS = "iphoneos iphonesimulator macosx";
				SWIFT_EMIT_LOC_STRINGS = YES;
				SWIFT_VERSION = 5.0;
				TARGETED_DEVICE_FAMILY = "1,2";
			};
			name = Release;
		};
/* End XCBuildConfiguration section */

/* Begin XCConfigurationList section */
		D9C5D2F6297DB9860073AA92 /* Build configuration list for PBXProject "noelle-test-proj" */ = {
			isa = XCConfigurationList;
			buildConfigurations = (
				D9C5D308297DB9870073AA92 /* Debug */,
				D9C5D309297DB9870073AA92 /* Release */,
			);
			defaultConfigurationIsVisible = 0;
			defaultConfigurationName = Release;
		};
		D9C5D30A297DB9870073AA92 /* Build configuration list for PBXNativeTarget "noelle-test-proj" */ = {
			isa = XCConfigurationList;
			buildConfigurations = (
				D9C5D30B297DB9870073AA92 /* Debug */,
				D9C5D30C297DB9870073AA92 /* Release */,
			);
			defaultConfigurationIsVisible = 0;
			defaultConfigurationName = Release;
		};
/* End XCConfigurationList section */

/* Begin XCSwiftPackageProductDependency section */
		D9650EB6297DCDFD009EA1AC /* noelle */ = {
			isa = XCSwiftPackageProductDependency;
			productName = noelle;
		};
		D9F7FFFF2982F18E00911F4C /* noelle */ = {
			isa = XCSwiftPackageProductDependency;
			productName = noelle;
		};
/* End XCSwiftPackageProductDependency section */
	};
	rootObject = D9C5D2F3297DB9860073AA92 /* Project object */;
}
